
Microsoft Visual Studio Solution File, Format Version 12.00
# Visual Studio Version 16
VisualStudioVersion = 16.0.29418.71
MinimumVisualStudioVersion = 10.0.40219.1
Project("{FAE04EC0-301F-11D3-BF4B-00C04F79EFBC}") = "PayPRO.Android", "Paypro_Mobile\Paypro_Mobile.Android\PayPRO.Android.csproj", "{B09A1F01-2544-42C5-8420-05380834B681}"
EndProject
Project("{FAE04EC0-301F-11D3-BF4B-00C04F79EFBC}") = "Paypro_Mobile.iOS", "Paypro_Mobile\Paypro_Mobile.iOS\Paypro_Mobile.iOS.csproj", "{E28C6B89-A1CB-4E7E-8519-F3915BD7D5FE}"
EndProject
Project("{9A19103F-16F7-4668-BE54-9A1E7A4F7556}") = "Paypro_Mobile", "Paypro_Mobile\Paypro_Mobile\Paypro_Mobile.csproj", "{2338F781-4E26-4DA4-A5F0-8CBF05C7D0A2}"
EndProject
Global
	GlobalSection(SolutionConfigurationPlatforms) = preSolution
		Debug|Any CPU = Debug|Any CPU
		Debug|iPhone = Debug|iPhone
		Debug|iPhoneSimulator = Debug|iPhoneSimulator
		Release|Any CPU = Release|Any CPU
		Release|iPhone = Release|iPhone
		Release|iPhoneSimulator = Release|iPhoneSimulator
	EndGlobalSection
	GlobalSection(ProjectConfigurationPlatforms) = postSolution
		{B09A1F01-2544-42C5-8420-05380834B681}.Debug|Any CPU.ActiveCfg = Debug|Any CPU
		{B09A1F01-2544-42C5-8420-05380834B681}.Debug|Any CPU.Build.0 = Debug|Any CPU
		{B09A1F01-2544-42C5-8420-05380834B681}.Debug|Any CPU.Deploy.0 = Debug|Any CPU
		{B09A1F01-2544-42C5-8420-05380834B681}.Debug|iPhone.ActiveCfg = Debug|Any CPU
		{B09A1F01-2544-42C5-8420-05380834B681}.Debug|iPhone.Build.0 = Debug|Any CPU
		{B09A1F01-2544-42C5-8420-05380834B681}.Debug|iPhone.Deploy.0 = Debug|Any CPU
		{B09A1F01-2544-42C5-8420-05380834B681}.Debug|iPhoneSimulator.ActiveCfg = Debug|Any CPU
		{B09A1F01-2544-42C5-8420-05380834B681}.Debug|iPhoneSimulator.Build.0 = Debug|Any CPU
		{B09A1F01-2544-42C5-8420-05380834B681}.Debug|iPhoneSimulator.Deploy.0 = Debug|Any CPU
		{B09A1F01-2544-42C5-8420-05380834B681}.Release|Any CPU.ActiveCfg = Release|Any CPU
		{B09A1F01-2544-42C5-8420-05380834B681}.Release|Any CPU.Build.0 = Release|Any CPU
		{B09A1F01-2544-42C5-8420-05380834B681}.Release|Any CPU.Deploy.0 = Release|Any CPU
		{B09A1F01-2544-42C5-8420-05380834B681}.Release|iPhone.ActiveCfg = Release|Any CPU
		{B09A1F01-2544-42C5-8420-05380834B681}.Release|iPhone.Build.0 = Release|Any CPU
		{B09A1F01-2544-42C5-8420-05380834B681}.Release|iPhone.Deploy.0 = Release|Any CPU
		{B09A1F01-2544-42C5-8420-05380834B681}.Release|iPhoneSimulator.ActiveCfg = Release|Any CPU
		{B09A1F01-2544-42C5-8420-05380834B681}.Release|iPhoneSimulator.Build.0 = Release|Any CPU
		{B09A1F01-2544-42C5-8420-05380834B681}.Release|iPhoneSimulator.Deploy.0 = Release|Any CPU
		{E28C6B89-A1CB-4E7E-8519-F3915BD7D5FE}.Debug|Any CPU.ActiveCfg = Debug|iPhoneSimulator
		{E28C6B89-A1CB-4E7E-8519-F3915BD7D5FE}.Debug|Any CPU.Build.0 = Debug|iPhoneSimulator
		{E28C6B89-A1CB-4E7E-8519-F3915BD7D5FE}.Debug|Any CPU.Deploy.0 = Debug|iPhoneSimulator
		{E28C6B89-A1CB-4E7E-8519-F3915BD7D5FE}.Debug|iPhone.ActiveCfg = Debug|iPhone
		{E28C6B89-A1CB-4E7E-8519-F3915BD7D5FE}.Debug|iPhone.Build.0 = Debug|iPhone
		{E28C6B89-A1CB-4E7E-8519-F3915BD7D5FE}.Debug|iPhone.Deploy.0 = Debug|iPhone
		{E28C6B89-A1CB-4E7E-8519-F3915BD7D5FE}.Debug|iPhoneSimulator.ActiveCfg = Debug|iPhoneSimulator
		{E28C6B89-A1CB-4E7E-8519-F3915BD7D5FE}.Debug|iPhoneSimulator.Build.0 = Debug|iPhoneSimulator
		{E28C6B89-A1CB-4E7E-8519-F3915BD7D5FE}.Debug|iPhoneSimulator.Deploy.0 = Debug|iPhoneSimulator
		{E28C6B89-A1CB-4E7E-8519-F3915BD7D5FE}.Release|Any CPU.ActiveCfg = Release|iPhone
		{E28C6B89-A1CB-4E7E-8519-F3915BD7D5FE}.Release|Any CPU.Build.0 = Release|iPhone
		{E28C6B89-A1CB-4E7E-8519-F3915BD7D5FE}.Release|Any CPU.Deploy.0 = Release|iPhone
		{E28C6B89-A1CB-4E7E-8519-F3915BD7D5FE}.Release|iPhone.ActiveCfg = Release|iPhone
		{E28C6B89-A1CB-4E7E-8519-F3915BD7D5FE}.Release|iPhone.Build.0 = Release|iPhone
		{E28C6B89-A1CB-4E7E-8519-F3915BD7D5FE}.Release|iPhone.Deploy.0 = Release|iPhone
		{E28C6B89-A1CB-4E7E-8519-F3915BD7D5FE}.Release|iPhoneSimulator.ActiveCfg = Release|iPhoneSimulator
		{E28C6B89-A1CB-4E7E-8519-F3915BD7D5FE}.Release|iPhoneSimulator.Build.0 = Release|iPhoneSimulator
		{E28C6B89-A1CB-4E7E-8519-F3915BD7D5FE}.Release|iPhoneSimulator.Deploy.0 = Release|iPhoneSimulator
		{2338F781-4E26-4DA4-A5F0-8CBF05C7D0A2}.Debug|Any CPU.ActiveCfg = Debug|Any CPU
		{2338F781-4E26-4DA4-A5F0-8CBF05C7D0A2}.Debug|Any CPU.Build.0 = Debug|Any CPU
		{2338F781-4E26-4DA4-A5F0-8CBF05C7D0A2}.Debug|Any CPU.Deploy.0 = Debug|Any CPU
		{2338F781-4E26-4DA4-A5F0-8CBF05C7D0A2}.Debug|iPhone.ActiveCfg = Debug|Any CPU
		{2338F781-4E26-4DA4-A5F0-8CBF05C7D0A2}.Debug|iPhone.Build.0 = Debug|Any CPU
		{2338F781-4E26-4DA4-A5F0-8CBF05C7D0A2}.Debug|iPhone.Deploy.0 = Debug|Any CPU
		{2338F781-4E26-4DA4-A5F0-8CBF05C7D0A2}.Debug|iPhoneSimulator.ActiveCfg = Debug|Any CPU
		{2338F781-4E26-4DA4-A5F0-8CBF05C7D0A2}.Debug|iPhoneSimulator.Build.0 = Debug|Any CPU
		{2338F781-4E26-4DA4-A5F0-8CBF05C7D0A2}.Debug|iPhoneSimulator.Deploy.0 = Debug|Any CPU
		{2338F781-4E26-4DA4-A5F0-8CBF05C7D0A2}.Release|Any CPU.ActiveCfg = Release|Any CPU
		{2338F781-4E26-4DA4-A5F0-8CBF05C7D0A2}.Release|Any CPU.Build.0 = Release|Any CPU
		{2338F781-4E26-4DA4-A5F0-8CBF05C7D0A2}.Release|Any CPU.Deploy.0 = Release|Any CPU
		{2338F781-4E26-4DA4-A5F0-8CBF05C7D0A2}.Release|iPhone.ActiveCfg = Release|Any CPU
		{2338F781-4E26-4DA4-A5F0-8CBF05C7D0A2}.Release|iPhone.Build.0 = Release|Any CPU
		{2338F781-4E26-4DA4-A5F0-8CBF05C7D0A2}.Release|iPhone.Deploy.0 = Release|Any CPU
		{2338F781-4E26-4DA4-A5F0-8CBF05C7D0A2}.Release|iPhoneSimulator.ActiveCfg = Release|Any CPU
		{2338F781-4E26-4DA4-A5F0-8CBF05C7D0A2}.Release|iPhoneSimulator.Build.0 = Release|Any CPU
		{2338F781-4E26-4DA4-A5F0-8CBF05C7D0A2}.Release|iPhoneSimulator.Deploy.0 = Release|Any CPU
	EndGlobalSection
	GlobalSection(SolutionProperties) = preSolution
		HideSolutionNode = FALSE
	EndGlobalSection
	GlobalSection(ExtensibilityGlobals) = postSolution
		SolutionGuid = {F3ED4013-BB15-4F05-A3DD-EE2606E1A44A}
	EndGlobalSection
EndGlobal
